
Microsoft Visual Studio Solution File, Format Version 12.00
# Visual Studio Version 17
VisualStudioVersion = 17.5.33516.290
MinimumVisualStudioVersion = 10.0.40219.1
Project("{FAE04EC0-301F-11D3-BF4B-00C04F79EFBC}") = "UAE_Recharge", "UAE_Recharge\UAE_Recharge.csproj", "{2DFDD56A-6118-4640-97D3-43E29ED30664}"
EndProject
Global
	GlobalSection(SolutionConfigurationPlatforms) = preSolution
		Debug|Any CPU = Debug|Any CPU
		Release|Any CPU = Release|Any CPU
	EndGlobalSection
	GlobalSection(ProjectConfigurationPlatforms) = postSolution
		{2DFDD56A-6118-4640-97D3-43E29ED30664}.Debug|Any CPU.ActiveCfg = Debug|Any CPU
		{2DFDD56A-6118-4640-97D3-43E29ED30664}.Debug|Any CPU.Build.0 = Debug|Any CPU
		{2DFDD56A-6118-4640-97D3-43E29ED30664}.Debug|Any CPU.Deploy.0 = Debug|Any CPU
		{2DFDD56A-6118-4640-97D3-43E29ED30664}.Release|Any CPU.ActiveCfg = Release|Any CPU
		{2DFDD56A-6118-4640-97D3-43E29ED30664}.Release|Any CPU.Build.0 = Release|Any CPU
		{2DFDD56A-6118-4640-97D3-43E29ED30664}.Release|Any CPU.Deploy.0 = Release|Any CPU
	EndGlobalSection
	GlobalSection(SolutionProperties) = preSolution
		HideSolutionNode = FALSE
	EndGlobalSection
	GlobalSection(ExtensibilityGlobals) = postSolution
		SolutionGuid = {FE8ADF84-7CEA-4868-B284-C9FB98712A66}
	EndGlobalSection
EndGlobal
